{
  "name": "symphony-engine",
  "version": "0.1.0",
  "lockfileVersion": 3,
  "requires": true,
  "packages": {
    "": {
      "name": "symphony-engine",
      "version": "0.1.0",
      "dependencies": {
        "@lydell/node-pty": "^1.2.0-beta.12"
      },
      "devDependencies": {
        "playwright": "^1.48.0"
      },
      "engines": {
        "node": ">=20"
      }
    },
    "node_modules/@lydell/node-pty": {
      "version": "1.2.0-beta.12",
      "resolved": "https://registry.npmjs.org/@lydell/node-pty/-/node-pty-1.2.0-beta.12.tgz",
      "integrity": "sha512-qIK890UwPupoj07osVvgOIa++1mxeHbcGry4PKRHhNVNs81V2SCG34eJr46GybiOmBtc8Sj5PB1/GGM5PL549g==",
      "license": "MIT",
      "optionalDependencies": {
        "@lydell/node-pty-darwin-arm64": "1.2.0-beta.12",
        "@lydell/node-pty-darwin-x64": "1.2.0-beta.12",
        "@lydell/node-pty-linux-arm64": "1.2.0-beta.12",
        "@lydell/node-pty-linux-x64": "1.2.0-beta.12",
        "@lydell/node-pty-win32-arm64": "1.2.0-beta.12",
        "@lydell/node-pty-win32-x64": "1.2.0-beta.12"
      }
    },
    "node_modules/@lydell/node-pty-darwin-arm64": {
      "version": "1.2.0-beta.12",
      "resolved": "https://registry.npmjs.org/@lydell/node-pty-darwin-arm64/-/node-pty-darwin-arm64-1.2.0-beta.12.tgz",
      "integrity": "sha512-tqaifcY9Cr41SblO1+FLzh8oxxtkNhuW9Dhl22lKme9BreYvKvxEZcdPIXTuqkJc5tagOEC4QHShKmJjLyLXLQ==",
      "cpu": [
        "arm64"
      ],
      "license": "MIT",
      "optional": true,
      "os": [
        "darwin"
      ]
    },
    "node_modules/@lydell/node-pty-darwin-x64": {
      "version": "1.2.0-beta.12",
      "resolved": "https://registry.npmjs.org/@lydell/node-pty-darwin-x64/-/node-pty-darwin-x64-1.2.0-beta.12.tgz",
      "integrity": "sha512-4LrS5pCJwqHKDVf1zS2gyNV0m4hKAXch+XZNhbZ6LY8uwVL8BhchzQBO40Os5anuRxRCWzHpw4Sp64Ie8q7E4Q==",
      "cpu": [
        "x64"
      ],
      "license": "MIT",
      "optional": true,
      "os": [
        "darwin"
      ]
    },
    "node_modules/@lydell/node-pty-linux-arm64": {
      "version": "1.2.0-beta.12",
      "resolved": "https://registry.npmjs.org/@lydell/node-pty-linux-arm64/-/node-pty-linux-arm64-1.2.0-beta.12.tgz",
      "integrity": "sha512-Sx+A71x5BDGHt9ansfrtGxwq2VFVDWvJUAdlUL0Hv0qeiJUfts+hgopx+CgT4PSwahKjdEgtu0+FAfY9rICKRw==",
      "cpu": [
        "arm64"
      ],
      "license": "MIT",
      "optional": true,
      "os": [
        "linux"
      ]
    },
    "node_modules/@lydell/node-pty-linux-x64": {
      "version": "1.2.0-beta.12",
      "resolved": "https://registry.npmjs.org/@lydell/node-pty-linux-x64/-/node-pty-linux-x64-1.2.0-beta.12.tgz",
      "integrity": "sha512-bJzs94njofYhGg/UDqW1nj0dtvvu+2OvxMY+RlLS1T17VgcktKoIR6PuenTwE5HJ/D6StCPADmXcT0nNsCKmIQ==",
      "cpu": [
        "x64"
      ],
      "license": "MIT",
      "optional": true,
      "os": [
        "linux"
      ]
    },
    "node_modules/@lydell/node-pty-win32-arm64": {
      "version": "1.2.0-beta.12",
      "resolved": "https://registry.npmjs.org/@lydell/node-pty-win32-arm64/-/node-pty-win32-arm64-1.2.0-beta.12.tgz",
      "integrity": "sha512-p7POgjVEiFaBC3/y+AKuV1FzePCsJ6HmZDv2XK+jBZSfwP8+uBAw181ZiKYN1YuRa/XpmBGaWezcI8hZkbW++g==",
      "cpu": [
        "arm64"
      ],
      "license": "MIT",
      "optional": true,
      "os": [
        "win32"
      ]
    },
    "node_modules/@lydell/node-pty-win32-x64": {
      "version": "1.2.0-beta.12",
      "resolved": "https://registry.npmjs.org/@lydell/node-pty-win32-x64/-/node-pty-win32-x64-1.2.0-beta.12.tgz",
      "integrity": "sha512-IDFa00g7qUDGUYgByrUBJtC+mOjYVt/8KYyWivCg5JjGOHbBUACUQZLl0jTWmnr+tld/UyTpX90a2PY6oTVtRw==",
      "cpu": [
        "x64"
      ],
      "license": "MIT",
      "optional": true,
      "os": [
        "win32"
      ]
    },
    "node_modules/fsevents": {
      "version": "2.3.2",
      "resolved": "https://registry.npmjs.org/fsevents/-/fsevents-2.3.2.tgz",
      "integrity": "sha512-xiqMQR4xAeHTuB9uWm+fFRcIOgKBMiOBP+eXiyT7jsgVCq1bkVygt00oASowB7EdtpOHaaPgKt812P9ab+DDKA==",
      "dev": true,
      "hasInstallScript": true,
      "license": "MIT",
      "optional": true,
      "os": [
        "darwin"
      ],
      "engines": {
        "node": "^8.16.0 || ^10.6.0 || >=11.0.0"
      }
    },
    "node_modules/playwright": {
      "version": "1.59.1",
      "resolved": "https://registry.npmjs.org/playwright/-/playwright-1.59.1.tgz",
      "integrity": "sha512-C8oWjPR3F81yljW9o5OxcWzfh6avkVwDD2VYdwIGqTkl+OGFISgypqzfu7dOe4QNLL2aqcWBmI3PMtLIK233lw==",
      "dev": true,
      "license": "Apache-2.0",
      "dependencies": {
        "playwright-core": "1.59.1"
      },
      "bin": {
        "playwright": "cli.js"
      },
      "engines": {
        "node": ">=18"
      },
      "optionalDependencies": {
        "fsevents": "2.3.2"
      }
    },
    "node_modules/playwright-core": {
      "version": "1.59.1",
      "resolved": "https://registry.npmjs.org/playwright-core/-/playwright-core-1.59.1.tgz",
      "integrity": "sha512-HBV/RJg81z5BiiZ9yPzIiClYV/QMsDCKUyogwH9p3MCP6IYjUFu/MActgYAvK0oWyV9NlwM3GLBjADyWgydVyg==",
      "dev": true,
      "license": "Apache-2.0",
      "bin": {
        "playwright-core": "cli.js"
      },
      "engines": {
        "node": ">=18"
      }
    }
  }
}
